// !$*UTF8*$!
{
	archiveVersion = 1;
	classes = {
	};
	objectVersion = 46;
	objects = {

/* Begin PBXBuildFile section */
		532E4D3A1C3AA9FB003F0CF3 /* BBBusinessModel.m in Sources */ = {isa = PBXBuildFile; fileRef = 532E4D391C3AA9FB003F0CF3 /* BBBusinessModel.m */; };
		53A898F01C39BFDD00D4F125 /* main.m in Sources */ = {isa = PBXBuildFile; fileRef = 53A898EF1C39BFDD00D4F125 /* main.m */; };
		53A898F31C39BFDD00D4F125 /* BBAppDelegate.m in Sources */ = {isa = PBXBuildFile; fileRef = 53A898F21C39BFDD00D4F125 /* BBAppDelegate.m */; };
		53A898F61C39BFDD00D4F125 /* BBViewController.m in Sources */ = {isa = PBXBuildFile; fileRef = 53A898F51C39BFDD00D4F125 /* BBViewController.m */; };
		53A898F91C39BFDD00D4F125 /* Main.storyboard in Resources */ = {isa = PBXBuildFile; fileRef = 53A898F71C39BFDD00D4F125 /* Main.storyboard */; };
		53A898FB1C39BFDD00D4F125 /* Assets.xcassets in Resources */ = {isa = PBXBuildFile; fileRef = 53A898FA1C39BFDD00D4F125 /* Assets.xcassets */; };
		53A898FE1C39BFDD00D4F125 /* LaunchScreen.storyboard in Resources */ = {isa = PBXBuildFile; fileRef = 53A898FC1C39BFDD00D4F125 /* LaunchScreen.storyboard */; };
		53A899091C39BFDD00D4F125 /* BusinessBookTests.m in Sources */ = {isa = PBXBuildFile; fileRef = 53A899081C39BFDD00D4F125 /* BusinessBookTests.m */; };
/* End PBXBuildFile section */

/* Begin PBXContainerItemProxy section */
		53A899051C39BFDD00D4F125 /* PBXContainerItemProxy */ = {
			isa = PBXContainerItemProxy;
			containerPortal = 53A898E31C39BFDD00D4F125 /* Project object */;
			proxyType = 1;
			remoteGlobalIDString = 53A898EA1C39BFDD00D4F125;
			remoteInfo = BusinessBook;
		};
/* End PBXContainerItemProxy section */

/* Begin PBXFileReference section */
		532E4D381C3AA9FB003F0CF3 /* BBBusinessModel.h */ = {isa = PBXFileReference; fileEncoding = 4; lastKnownFileType = sourcecode.c.h; path = BBBusinessModel.h; sourceTree = "<group>"; };
		532E4D391C3AA9FB003F0CF3 /* BBBusinessModel.m */ = {isa = PBXFileReference; fileEncoding = 4; lastKnownFileType = sourcecode.c.objc; path = BBBusinessModel.m; sourceTree = "<group>"; };
		53A898EB1C39BFDD00D4F125 /* BusinessBook.app */ = {isa = PBXFileReference; explicitFileType = wrapper.application; includeInIndex = 0; path = BusinessBook.app; sourceTree = BUILT_PRODUCTS_DIR; };
		53A898EF1C39BFDD00D4F125 /* main.m */ = {isa = PBXFileReference; lastKnownFileType = sourcecode.c.objc; path = main.m; sourceTree = "<group>"; };
		53A898F11C39BFDD00D4F125 /* BBAppDelegate.h */ = {isa = PBXFileReference; lastKnownFileType = sourcecode.c.h; path = BBAppDelegate.h; sourceTree = "<group>"; };
		53A898F21C39BFDD00D4F125 /* BBAppDelegate.m */ = {isa = PBXFileReference; lastKnownFileType = sourcecode.c.objc; path = BBAppDelegate.m; sourceTree = "<group>"; };
		53A898F41C39BFDD00D4F125 /* BBViewController.h */ = {isa = PBXFileReference; lastKnownFileType = sourcecode.c.h; path = BBViewController.h; sourceTree = "<group>"; };
		53A898F51C39BFDD00D4F125 /* BBViewController.m */ = {isa = PBXFileReference; lastKnownFileType = sourcecode.c.objc; path = BBViewController.m; sourceTree = "<group>"; };
		53A898F81C39BFDD00D4F125 /* Base */ = {isa = PBXFileReference; lastKnownFileType = file.storyboard; name = Base; path = Base.lproj/Main.storyboard; sourceTree = "<group>"; };
		53A898FA1C39BFDD00D4F125 /* Assets.xcassets */ = {isa = PBXFileReference; lastKnownFileType = folder.assetcatalog; path = Assets.xcassets; sourceTree = "<group>"; };
		53A898FD1C39BFDD00D4F125 /* Base */ = {isa = PBXFileReference; lastKnownFileType = file.storyboard; name = Base; path = Base.lproj/LaunchScreen.storyboard; sourceTree = "<group>"; };
		53A898FF1C39BFDD00D4F125 /* Info.plist */ = {isa = PBXFileReference; lastKnownFileType = text.plist.xml; path = Info.plist; sourceTree = "<group>"; };
		53A899041C39BFDD00D4F125 /* BusinessBookTests.xctest */ = {isa = PBXFileReference; explicitFileType = wrapper.cfbundle; includeInIndex = 0; path = BusinessBookTests.xctest; sourceTree = BUILT_PRODUCTS_DIR; };
		53A899081C39BFDD00D4F125 /* BusinessBookTests.m */ = {isa = PBXFileReference; lastKnownFileType = sourcecode.c.objc; path = BusinessBookTests.m; sourceTree = "<group>"; };
		53A8990A1C39BFDD00D4F125 /* Info.plist */ = {isa = PBXFileReference; lastKnownFileType = text.plist.xml; path = Info.plist; sourceTree = "<group>"; };
/* End PBXFileReference section */

/* Begin PBXFrameworksBuildPhase section */
		53A898E81C39BFDD00D4F125 /* Frameworks */ = {
			isa = PBXFrameworksBuildPhase;
			buildActionMask = 2147483647;
			files = (
			);
			runOnlyForDeploymentPostprocessing = 0;
		};
		53A899011C39BFDD00D4F125 /* Frameworks */ = {
			isa = PBXFrameworksBuildPhase;
			buildActionMask = 2147483647;
			files = (
			);
			runOnlyForDeploymentPostprocessing = 0;
		};
/* End PBXFrameworksBuildPhase section */

/* Begin PBXGroup section */
		532E4D371C3AA9AF003F0CF3 /* Models */ = {
			isa = PBXGroup;
			children = (
				532E4D381C3AA9FB003F0CF3 /* BBBusinessModel.h */,
				532E4D391C3AA9FB003F0CF3 /* BBBusinessModel.m */,
			);
			path = Models;
			sourceTree = "<group>";
		};
		53A898E21C39BFDD00D4F125 = {
			isa = PBXGroup;
			children = (
				53A898ED1C39BFDD00D4F125 /* BusinessBook */,
				53A899071C39BFDD00D4F125 /* BusinessBookTests */,
				53A898EC1C39BFDD00D4F125 /* Products */,
			);
			sourceTree = "<group>";
		};
		53A898EC1C39BFDD00D4F125 /* Products */ = {
			isa = PBXGroup;
			children = (
				53A898EB1C39BFDD00D4F125 /* BusinessBook.app */,
				53A899041C39BFDD00D4F125 /* BusinessBookTests.xctest */,
			);
			name = Products;
			sourceTree = "<group>";
		};
		53A898ED1C39BFDD00D4F125 /* BusinessBook */ = {
			isa = PBXGroup;
			children = (
				532E4D371C3AA9AF003F0CF3 /* Models */,
				53A898F11C39BFDD00D4F125 /* BBAppDelegate.h */,
				53A898F21C39BFDD00D4F125 /* BBAppDelegate.m */,
				53A898F41C39BFDD00D4F125 /* BBViewController.h */,
				53A898F51C39BFDD00D4F125 /* BBViewController.m */,
				53A898F71C39BFDD00D4F125 /* Main.storyboard */,
				53A898FA1C39BFDD00D4F125 /* Assets.xcassets */,
				53A898FC1C39BFDD00D4F125 /* LaunchScreen.storyboard */,
				53A898FF1C39BFDD00D4F125 /* Info.plist */,
				53A898EE1C39BFDD00D4F125 /* Supporting Files */,
			);
			path = BusinessBook;
			sourceTree = "<group>";
		};
		53A898EE1C39BFDD00D4F125 /* Supporting Files */ = {
			isa = PBXGroup;
			children = (
				53A898EF1C39BFDD00D4F125 /* main.m */,
			);
			name = "Supporting Files";
			sourceTree = "<group>";
		};
		53A899071C39BFDD00D4F125 /* BusinessBookTests */ = {
			isa = PBXGroup;
			children = (
				53A899081C39BFDD00D4F125 /* BusinessBookTests.m */,
				53A8990A1C39BFDD00D4F125 /* Info.plist */,
			);
			path = BusinessBookTests;
			sourceTree = "<group>";
		};
/* End PBXGroup section */

/* Begin PBXNativeTarget section */
		53A898EA1C39BFDD00D4F125 /* BusinessBook */ = {
			isa = PBXNativeTarget;
			buildConfigurationList = 53A8990D1C39BFDD00D4F125 /* Build configuration list for PBXNativeTarget "BusinessBook" */;
			buildPhases = (
				53A898E71C39BFDD00D4F125 /* Sources */,
				53A898E81C39BFDD00D4F125 /* Frameworks */,
				53A898E91C39BFDD00D4F125 /* Resources */,
			);
			buildRules = (
			);
			dependencies = (
			);
			name = BusinessBook;
			productName = BusinessBook;
			productReference = 53A898EB1C39BFDD00D4F125 /* BusinessBook.app */;
			productType = "com.apple.product-type.application";
		};
		53A899031C39BFDD00D4F125 /* BusinessBookTests */ = {
			isa = PBXNativeTarget;
			buildConfigurationList = 53A899101C39BFDD00D4F125 /* Build configuration list for PBXNativeTarget "BusinessBookTests" */;
			buildPhases = (
				53A899001C39BFDD00D4F125 /* Sources */,
				53A899011C39BFDD00D4F125 /* Frameworks */,
				53A899021C39BFDD00D4F125 /* Resources */,
			);
			buildRules = (
			);
			dependencies = (
				53A899061C39BFDD00D4F125 /* PBXTargetDependency */,
			);
			name = BusinessBookTests;
			productName = BusinessBookTests;
			productReference = 53A899041C39BFDD00D4F125 /* BusinessBookTests.xctest */;
			productType = "com.apple.product-type.bundle.unit-test";
		};
/* End PBXNativeTarget section */

/* Begin PBXProject section */
		53A898E31C39BFDD00D4F125 /* Project object */ = {
			isa = PBXProject;
			attributes = {
				LastUpgradeCheck = 0720;
				ORGANIZATIONNAME = "Data Empire";
				TargetAttributes = {
					53A898EA1C39BFDD00D4F125 = {
						CreatedOnToolsVersion = 7.2;
						DevelopmentTeam = LQ5WW9469F;
					};
					53A899031C39BFDD00D4F125 = {
						CreatedOnToolsVersion = 7.2;
						DevelopmentTeam = LQ5WW9469F;
						TestTargetID = 53A898EA1C39BFDD00D4F125;
					};
				};
			};
			buildConfigurationList = 53A898E61C39BFDD00D4F125 /* Build configuration list for PBXProject "BusinessBook" */;
			compatibilityVersion = "Xcode 3.2";
			developmentRegion = English;
			hasScannedForEncodings = 0;
			knownRegions = (
				en,
				Base,
			);
			mainGroup = 53A898E21C39BFDD00D4F125;
			productRefGroup = 53A898EC1C39BFDD00D4F125 /* Products */;
			projectDirPath = "";
			projectRoot = "";
			targets = (
				53A898EA1C39BFDD00D4F125 /* BusinessBook */,
				53A899031C39BFDD00D4F125 /* BusinessBookTests */,
			);
		};
/* End PBXProject section */

/* Begin PBXResourcesBuildPhase section */
		53A898E91C39BFDD00D4F125 /* Resources */ = {
			isa = PBXResourcesBuildPhase;
			buildActionMask = 2147483647;
			files = (
				53A898FE1C39BFDD00D4F125 /* LaunchScreen.storyboard in Resources */,
				53A898FB1C39BFDD00D4F125 /* Assets.xcassets in Resources */,
				53A898F91C39BFDD00D4F125 /* Main.storyboard in Resources */,
			);
			runOnlyForDeploymentPostprocessing = 0;
		};
		53A899021C39BFDD00D4F125 /* Resources */ = {
			isa = PBXResourcesBuildPhase;
			buildActionMask = 2147483647;
			files = (
			);
			runOnlyForDeploymentPostprocessing = 0;
		};
/* End PBXResourcesBuildPhase section */

/* Begin PBXSourcesBuildPhase section */
		53A898E71C39BFDD00D4F125 /* Sources */ = {
			isa = PBXSourcesBuildPhase;
			buildActionMask = 2147483647;
			files = (
				53A898F61C39BFDD00D4F125 /* BBViewController.m in Sources */,
				53A898F31C39BFDD00D4F125 /* BBAppDelegate.m in Sources */,
				53A898F01C39BFDD00D4F125 /* main.m in Sources */,
				532E4D3A1C3AA9FB003F0CF3 /* BBBusinessModel.m in Sources */,
			);
			runOnlyForDeploymentPostprocessing = 0;
		};
		53A899001C39BFDD00D4F125 /* Sources */ = {
			isa = PBXSourcesBuildPhase;
			buildActionMask = 2147483647;
			files = (
				53A899091C39BFDD00D4F125 /* BusinessBookTests.m in Sources */,
			);
			runOnlyForDeploymentPostprocessing = 0;
		};
/* End PBXSourcesBuildPhase section */

/* Begin PBXTargetDependency section */
		53A899061C39BFDD00D4F125 /* PBXTargetDependency */ = {
			isa = PBXTargetDependency;
			target = 53A898EA1C39BFDD00D4F125 /* BusinessBook */;
			targetProxy = 53A899051C39BFDD00D4F125 /* PBXContainerItemProxy */;
		};
/* End PBXTargetDependency section */

/* Begin PBXVariantGroup section */
		53A898F71C39BFDD00D4F125 /* Main.storyboard */ = {
			isa = PBXVariantGroup;
			children = (
				53A898F81C39BFDD00D4F125 /* Base */,
			);
			name = Main.storyboard;
			sourceTree = "<group>";
		};
		53A898FC1C39BFDD00D4F125 /* LaunchScreen.storyboard */ = {
			isa = PBXVariantGroup;
			children = (
				53A898FD1C39BFDD00D4F125 /* Base */,
			);
			name = LaunchScreen.storyboard;
			sourceTree = "<group>";
		};
/* End PBXVariantGroup section */

/* Begin XCBuildConfiguration section */
		53A8990B1C39BFDD00D4F125 /* Debug */ = {
			isa = XCBuildConfiguration;
			buildSettings = {
				ALWAYS_SEARCH_USER_PATHS = NO;
				CLANG_CXX_LANGUAGE_STANDARD = "gnu++0x";
				CLANG_CXX_LIBRARY = "libc++";
				CLANG_ENABLE_MODULES = YES;
				CLANG_ENABLE_OBJC_ARC = YES;
				CLANG_WARN_BOOL_CONVERSION = YES;
				CLANG_WARN_CONSTANT_CONVERSION = YES;
				CLANG_WARN_DIRECT_OBJC_ISA_USAGE = YES_ERROR;
				CLANG_WARN_EMPTY_BODY = YES;
				CLANG_WARN_ENUM_CONVERSION = YES;
				CLANG_WARN_INT_CONVERSION = YES;
				CLANG_WARN_OBJC_ROOT_CLASS = YES_ERROR;
				CLANG_WARN_UNREACHABLE_CODE = YES;
				CLANG_WARN__DUPLICATE_METHOD_MATCH = YES;
				"CODE_SIGN_IDENTITY[sdk=iphoneos*]" = "iPhone Developer";
				COPY_PHASE_STRIP = NO;
				DEBUG_INFORMATION_FORMAT = dwarf;
				ENABLE_STRICT_OBJC_MSGSEND = YES;
				ENABLE_TESTABILITY = YES;
				GCC_C_LANGUAGE_STANDARD = gnu99;
				GCC_DYNAMIC_NO_PIC = NO;
				GCC_NO_COMMON_BLOCKS = YES;
				GCC_OPTIMIZATION_LEVEL = 0;
				GCC_PREPROCESSOR_DEFINITIONS = (
					"DEBUG=1",
					"$(inherited)",
				);
				GCC_WARN_64_TO_32_BIT_CONVERSION = YES;
				GCC_WARN_ABOUT_RETURN_TYPE = YES_ERROR;
				GCC_WARN_UNDECLARED_SELECTOR = YES;
				GCC_WARN_UNINITIALIZED_AUTOS = YES_AGGRESSIVE;
				GCC_WARN_UNUSED_FUNCTION = YES;
				GCC_WARN_UNUSED_VARIABLE = YES;
				IPHONEOS_DEPLOYMENT_TARGET = 9.2;
				MTL_ENABLE_DEBUG_INFO = YES;
				ONLY_ACTIVE_ARCH = YES;
				SDKROOT = iphoneos;
			};
			name = Debug;
		};
		53A8990C1C39BFDD00D4F125 /* Release */ = {
			isa = XCBuildConfiguration;
			buildSettings = {
				ALWAYS_SEARCH_USER_PATHS = NO;
				CLANG_CXX_LANGUAGE_STANDARD = "gnu++0x";
				CLANG_CXX_LIBRARY = "libc++";
				CLANG_ENABLE_MODULES = YES;
				CLANG_ENABLE_OBJC_ARC = YES;
				CLANG_WARN_BOOL_CONVERSION = YES;
				CLANG_WARN_CONSTANT_CONVERSION = YES;
				CLANG_WARN_DIRECT_OBJC_ISA_USAGE = YES_ERROR;
				CLANG_WARN_EMPTY_BODY = YES;
				CLANG_WARN_ENUM_CONVERSION = YES;
				CLANG_WARN_INT_CONVERSION = YES;
				CLANG_WARN_OBJC_ROOT_CLASS = YES_ERROR;
				CLANG_WARN_UNREACHABLE_CODE = YES;
				CLANG_WARN__DUPLICATE_METHOD_MATCH = YES;
				"CODE_SIGN_IDENTITY[sdk=iphoneos*]" = "iPhone Developer";
				COPY_PHASE_STRIP = NO;
				DEBUG_INFORMATION_FORMAT = "dwarf-with-dsym";
				ENABLE_NS_ASSERTIONS = NO;
				ENABLE_STRICT_OBJC_MSGSEND = YES;
				GCC_C_LANGUAGE_STANDARD = gnu99;
				GCC_NO_COMMON_BLOCKS = YES;
				GCC_WARN_64_TO_32_BIT_CONVERSION = YES;
				GCC_WARN_ABOUT_RETURN_TYPE = YES_ERROR;
				GCC_WARN_UNDECLARED_SELECTOR = YES;
				GCC_WARN_UNINITIALIZED_AUTOS = YES_AGGRESSIVE;
				GCC_WARN_UNUSED_FUNCTION = YES;
				GCC_WARN_UNUSED_VARIABLE = YES;
				IPHONEOS_DEPLOYMENT_TARGET = 9.2;
				MTL_ENABLE_DEBUG_INFO = NO;
				SDKROOT = iphoneos;
				VALIDATE_PRODUCT = YES;
			};
			name = Release;
		};
		53A8990E1C39BFDD00D4F125 /* Debug */ = {
			isa = XCBuildConfiguration;
			buildSettings = {
				ASSETCATALOG_COMPILER_APPICON_NAME = AppIcon;
				INFOPLIST_FILE = BusinessBook/Info.plist;
				LD_RUNPATH_SEARCH_PATHS = "$(inherited) @executable_path/Frameworks";
				PRODUCT_BUNDLE_IDENTIFIER = "info.data-empire.BusinessBook";
				PRODUCT_NAME = "$(TARGET_NAME)";
			};
			name = Debug;
		};
		53A8990F1C39BFDD00D4F125 /* Release */ = {
			isa = XCBuildConfiguration;
			buildSettings = {
				ASSETCATALOG_COMPILER_APPICON_NAME = AppIcon;
				INFOPLIST_FILE = BusinessBook/Info.plist;
				LD_RUNPATH_SEARCH_PATHS = "$(inherited) @executable_path/Frameworks";
				PRODUCT_BUNDLE_IDENTIFIER = "info.data-empire.BusinessBook";
				PRODUCT_NAME = "$(TARGET_NAME)";
			};
			name = Release;
		};
		53A899111C39BFDD00D4F125 /* Debug */ = {
			isa = XCBuildConfiguration;
			buildSettings = {
				BUNDLE_LOADER = "$(TEST_HOST)";
				INFOPLIST_FILE = BusinessBookTests/Info.plist;
				LD_RUNPATH_SEARCH_PATHS = "$(inherited) @executable_path/Frameworks @loader_path/Frameworks";
				PRODUCT_BUNDLE_IDENTIFIER = "info.data-empire.BusinessBookTests";
				PRODUCT_NAME = "$(TARGET_NAME)";
				TEST_HOST = "$(BUILT_PRODUCTS_DIR)/BusinessBook.app/BusinessBook";
			};
			name = Debug;
		};
		53A899121C39BFDD00D4F125 /* Release */ = {
			isa = XCBuildConfiguration;
			buildSettings = {
				BUNDLE_LOADER = "$(TEST_HOST)";
				INFOPLIST_FILE = BusinessBookTests/Info.plist;
				LD_RUNPATH_SEARCH_PATHS = "$(inherited) @executable_path/Frameworks @loader_path/Frameworks";
				PRODUCT_BUNDLE_IDENTIFIER = "info.data-empire.BusinessBookTests";
				PRODUCT_NAME = "$(TARGET_NAME)";
				TEST_HOST = "$(BUILT_PRODUCTS_DIR)/BusinessBook.app/BusinessBook";
			};
			name = Release;
		};
/* End XCBuildConfiguration section */

/* Begin XCConfigurationList section */
		53A898E61C39BFDD00D4F125 /* Build configuration list for PBXProject "BusinessBook" */ = {
			isa = XCConfigurationList;
			buildConfigurations = (
				53A8990B1C39BFDD00D4F125 /* Debug */,
				53A8990C1C39BFDD00D4F125 /* Release */,
			);
			defaultConfigurationIsVisible = 0;
			defaultConfigurationName = Release;
		};
		53A8990D1C39BFDD00D4F125 /* Build configuration list for PBXNativeTarget "BusinessBook" */ = {
			isa = XCConfigurationList;
			buildConfigurations = (
				53A8990E1C39BFDD00D4F125 /* Debug */,
				53A8990F1C39BFDD00D4F125 /* Release */,
			);
			defaultConfigurationIsVisible = 0;
			defaultConfigurationName = Release;
		};
		53A899101C39BFDD00D4F125 /* Build configuration list for PBXNativeTarget "BusinessBookTests" */ = {
			isa = XCConfigurationList;
			buildConfigurations = (
				53A899111C39BFDD00D4F125 /* Debug */,
				53A899121C39BFDD00D4F125 /* Release */,
			);
			defaultConfigurationIsVisible = 0;
			defaultConfigurationName = Release;
		};
/* End XCConfigurationList section */
	};
	rootObject = 53A898E31C39BFDD00D4F125 /* Project object */;
}
